# generated by rye
# use `rye lock` or `rye sync` to update this lockfile
#
# last locked with the following flags:
#   pre: false
#   features: []
#   all-features: false
#   with-sources: false
#   generate-hashes: false
#   universal: false

-e file:.
appdirs==1.4.4
    # via qtstrap
cffi==1.16.0
    # via sounddevice
codex-engine-pyqt==0.2.0
    # via stagehand
cyberlang==0.7.0
    # via stagehand
monaco-qt==0.1.9
    # via stagehand
numpy==2.0.1
    # via stagehand
packaging==24.1
    # via qtpy
psutil==6.0.0
    # via stagehand
pycparser==2.22
    # via cffi
pygments==2.18.0
    # via superqt
pyserial==3.5
    # via codex-engine-pyqt
    # via stagehand
pyside6==6.7.2
    # via stagehand
pyside6-addons==6.7.2
    # via pyside6
pyside6-essentials==6.7.2
    # via pyside6
    # via pyside6-addons
qtawesome==1.3.1
    # via qtstrap
qtpy==2.4.1
    # via monaco-qt
    # via qtawesome
    # via qtstrap
    # via superqt
qtstrap==0.6.4
    # via codex-engine-pyqt
    # via stagehand
shiboken6==6.7.2
    # via pyside6
    # via pyside6-addons
    # via pyside6-essentials
sounddevice==0.4.7
    # via stagehand
superqt==0.6.7
    # via stagehand
typing-extensions==4.12.2
    # via superqt
